
Microsoft Visual Studio Solution File, Format Version 12.00
# Visual Studio 15
VisualStudioVersion = 15.0.27130.2027
MinimumVisualStudioVersion = 10.0.40219.1
Project("{8BC9CEB8-8B4A-11D0-8D11-00A0C91BC942}") = "TestHarness", "TestHarness\TestHarness.vcxproj", "{C0A5F478-1F7C-4ED9-A4A5-8B4F13DD4DBA}"
EndProject
Global
	GlobalSection(SolutionConfigurationPlatforms) = preSolution
		Debug|x64 = Debug|x64
		Debug|x86 = Debug|x86
		Release|x64 = Release|x64
		Release|x86 = Release|x86
	EndGlobalSection
	GlobalSection(ProjectConfigurationPlatforms) = postSolution
		{C0A5F478-1F7C-4ED9-A4A5-8B4F13DD4DBA}.Debug|x64.ActiveCfg = Debug|x64
		{C0A5F478-1F7C-4ED9-A4A5-8B4F13DD4DBA}.Debug|x64.Build.0 = Debug|x64
		{C0A5F478-1F7C-4ED9-A4A5-8B4F13DD4DBA}.Debug|x86.ActiveCfg = Debug|Win32
		{C0A5F478-1F7C-4ED9-A4A5-8B4F13DD4DBA}.Debug|x86.Build.0 = Debug|Win32
		{C0A5F478-1F7C-4ED9-A4A5-8B4F13DD4DBA}.Release|x64.ActiveCfg = Release|x64
		{C0A5F478-1F7C-4ED9-A4A5-8B4F13DD4DBA}.Release|x64.Build.0 = Release|x64
		{C0A5F478-1F7C-4ED9-A4A5-8B4F13DD4DBA}.Release|x86.ActiveCfg = Release|Win32
		{C0A5F478-1F7C-4ED9-A4A5-8B4F13DD4DBA}.Release|x86.Build.0 = Release|Win32
	EndGlobalSection
	GlobalSection(SolutionProperties) = preSolution
		HideSolutionNode = FALSE
	EndGlobalSection
	GlobalSection(ExtensibilityGlobals) = postSolution
		SolutionGuid = {46785275-9F84-4AC3-9C1F-7B529CA7C6B3}
	EndGlobalSection
EndGlobal
